Microsoft Visual Studio Solution File, Format Version 12.00
# Visual Studio Version 17
VisualStudioVersion = 17.5.2.0
MinimumVisualStudioVersion = 10.0.40219.1
Project("{2150E333-8FDC-42A3-9474-1A3956D46DE8}") = "busbookingplatform", "busbookingplatform", "{931D2B0A-DF52-8332-117A-76FCCB82F2F4}"
EndProject
Project("{2150E333-8FDC-42A3-9474-1A3956D46DE8}") = "backend", "backend", "{C724B9D7-BEDA-210D-CAD3-D34782FC01D2}"
EndProject
Project("{FAE04EC0-301F-11D3-BF4B-00C04F79EFBC}") = "BusBooking.Api", "busbookingplatform\backend\BusBooking.Api\BusBooking.Api.csproj", "{5CE8D859-6312-EC86-5AEF-6B289ADB732D}"
EndProject
Global
	GlobalSection(SolutionConfigurationPlatforms) = preSolution
		Debug|Any CPU = Debug|Any CPU
		Release|Any CPU = Release|Any CPU
	EndGlobalSection
	GlobalSection(ProjectConfigurationPlatforms) = postSolution
		{5CE8D859-6312-EC86-5AEF-6B289ADB732D}.Debug|Any CPU.ActiveCfg = Debug|Any CPU
		{5CE8D859-6312-EC86-5AEF-6B289ADB732D}.Debug|Any CPU.Build.0 = Debug|Any CPU
		{5CE8D859-6312-EC86-5AEF-6B289ADB732D}.Release|Any CPU.ActiveCfg = Release|Any CPU
		{5CE8D859-6312-EC86-5AEF-6B289ADB732D}.Release|Any CPU.Build.0 = Release|Any CPU
	EndGlobalSection
	GlobalSection(SolutionProperties) = preSolution
		HideSolutionNode = FALSE
	EndGlobalSection
	GlobalSection(NestedProjects) = preSolution
		{C724B9D7-BEDA-210D-CAD3-D34782FC01D2} = {931D2B0A-DF52-8332-117A-76FCCB82F2F4}
		{5CE8D859-6312-EC86-5AEF-6B289ADB732D} = {C724B9D7-BEDA-210D-CAD3-D34782FC01D2}
	EndGlobalSection
	GlobalSection(ExtensibilityGlobals) = postSolution
		SolutionGuid = {CFD1CC09-6C5A-47D3-BB36-4A4808D3A0F5}
	EndGlobalSection
EndGlobal
